
Microsoft Visual Studio Solution File, Format Version 12.00
# Visual Studio 2013
VisualStudioVersion = 12.0.30723.0
MinimumVisualStudioVersion = 10.0.40219.1
Project("{FAE04EC0-301F-11D3-BF4B-00C04F79EFBC}") = "JVFloatSharp", "JVFloatSharp\JVFloatSharp.csproj", "{CFC4B434-E24C-4E39-A51A-DE0F943F9ABC}"
EndProject
Project("{FAE04EC0-301F-11D3-BF4B-00C04F79EFBC}") = "JVFloatSharp.Example", "JVFloatSharp.Example\JVFloatSharp.Example.csproj", "{DD9B7F2A-F7D4-4613-A4C8-72F18A06B8B1}"
EndProject
Global
	GlobalSection(SolutionConfigurationPlatforms) = preSolution
		Debug|Any CPU = Debug|Any CPU
		Release|Any CPU = Release|Any CPU
	EndGlobalSection
	GlobalSection(ProjectConfigurationPlatforms) = postSolution
		{CFC4B434-E24C-4E39-A51A-DE0F943F9ABC}.Debug|Any CPU.ActiveCfg = Debug|Any CPU
		{CFC4B434-E24C-4E39-A51A-DE0F943F9ABC}.Debug|Any CPU.Build.0 = Debug|Any CPU
		{CFC4B434-E24C-4E39-A51A-DE0F943F9ABC}.Release|Any CPU.ActiveCfg = Release|Any CPU
		{CFC4B434-E24C-4E39-A51A-DE0F943F9ABC}.Release|Any CPU.Build.0 = Release|Any CPU
		{DD9B7F2A-F7D4-4613-A4C8-72F18A06B8B1}.Debug|Any CPU.ActiveCfg = Debug|Any CPU
		{DD9B7F2A-F7D4-4613-A4C8-72F18A06B8B1}.Debug|Any CPU.Build.0 = Debug|Any CPU
		{DD9B7F2A-F7D4-4613-A4C8-72F18A06B8B1}.Debug|Any CPU.Deploy.0 = Debug|Any CPU
		{DD9B7F2A-F7D4-4613-A4C8-72F18A06B8B1}.Release|Any CPU.ActiveCfg = Release|Any CPU
		{DD9B7F2A-F7D4-4613-A4C8-72F18A06B8B1}.Release|Any CPU.Build.0 = Release|Any CPU
		{DD9B7F2A-F7D4-4613-A4C8-72F18A06B8B1}.Release|Any CPU.Deploy.0 = Release|Any CPU
	EndGlobalSection
	GlobalSection(SolutionProperties) = preSolution
		HideSolutionNode = FALSE
	EndGlobalSection
EndGlobal
